hash: 2720067cce49dfb6e40f9c69ecc5c390628d2dcc83e23ca564ed703c7109e9e0
updated: 2016-08-27T17:08:58.265817206-04:00
imports:
- name: github.com/ajg/form
  version: 523a5da1a92f01b01f840b61689c0340a0243532
- name: github.com/asaskevich/govalidator
  version: 7664702784775e51966f0885f5cd27435916517b
- name: github.com/dadleyy/iris
  version: 6f5c83272bab0c4d4a2689d3140c115fa73bdd17
- name: github.com/davecgh/go-spew
  version: 6cf5744a041a0022271cefed95ba843f6d87fd51
  subpackages:
  - spew
- name: github.com/fatih/structs
  version: dc3312cb1a4513a366c4c9e622ad55c32df12ed3
- name: github.com/gavv/gojsondiff
  version: 36046c6e558e7f854ebd3fd97d1e9812ebe8709b
  subpackages:
  - formatter
- name: github.com/gavv/httpexpect
  version: dc339328a5b3638045ba972e16b5ac6c0f46c796
- name: github.com/gavv/monotime
  version: 259cd7b345f5aa080eff16f21d7866ef7dea9528
- name: github.com/go-sql-driver/mysql
  version: 0b58b37b664c21f3010e836f1b931e1d0b0b0685
- name: github.com/golang/glog
  version: 23def4e6c14b4da8ac2ed8007337bc5eb5007998
- name: github.com/google/go-querystring
  version: 9235644dd9e52eeae6fa48efd539fdc351a0af53
  subpackages:
  - query
- name: github.com/imdario/mergo
  version: 50d4dbd4eb0e84778abe37cefef140271d96fade
- name: github.com/imkira/go-interpol
  version: b9781c93ae51c8b4fc3af1b1426909721af0a624
- name: github.com/iris-contrib/color
  version: 1f565954a55c42b9c66ead36206e91e1d79bafa1
- name: github.com/iris-contrib/errors
  version: 9d4599565f75fd376a8e4ae5ccc98fc078b93b69
- name: github.com/iris-contrib/formBinder
  version: 32009bbc76eda475a6d1eb24787d1fdcdaf80e71
- name: github.com/iris-contrib/logger
  version: 6a08b11d1faefa8ce79ed6d6efec9d2e05cbc549
- name: github.com/iris-contrib/response
  version: ff43c463ebf896c1cd86a236c67b653b48258e60
  subpackages:
  - data
  - json
  - jsonp
  - markdown
  - text
  - xml
- name: github.com/iris-contrib/template
  version: 1130d33ae375e4305f27f62f6793db587bcb6f83
  subpackages:
  - html
- name: github.com/iris-contrib/websocket
  version: 2f1c3fd901de3359a6452a212c8be784f04b7073
- name: github.com/jinzhu/gorm
  version: 5174cc5c242a728b435ea2be8a2f7f998e15429b
  subpackages:
  - dialects/mysql
- name: github.com/jinzhu/inflection
  version: 74387dc39a75e970e7a3ae6a3386b5bd2e5c5cff
- name: github.com/joho/godotenv
  version: a01a834e1654b4c9ca5b3ad05159445cc9c7ad08
  subpackages:
  - autoload
- name: github.com/kataras/iris
  version: d03c9ad231b9963b5cf0f7c3aea0bea73ed811ce
  subpackages:
  - config
  - context
  - utils
- name: github.com/klauspost/compress
  version: 08fe86a420401e830c24114bdf9f1ba91331407a
  subpackages:
  - flate
  - gzip
  - zlib
- name: github.com/klauspost/cpuid
  version: 09cded8978dc9e80714c4d85b0322337b0a1e5e0
- name: github.com/klauspost/crc32
  version: 19b0b332c9e4516a6370a0456e6182c3b5036720
- name: github.com/mattn/go-colorable
  version: ed8eb9e318d7a84ce5915b495b7d35e0cfe7b5a8
- name: github.com/mattn/go-isatty
  version: 66b8e73f3f5cda9f96b69efd03dd3d7fc4a5cdb8
- name: github.com/microcosm-cc/bluemonday
  version: 9dc199233bf72cc1aad9b61f73daf2f0075b9ee4
- name: github.com/moul/http2curl
  version: b1479103caacaa39319f75e7f57fc545287fca0d
- name: github.com/pmezard/go-difflib
  version: 792786c7400a136282c1664665ae0a8db921c6c2
  subpackages:
  - difflib
- name: github.com/russross/blackfriday
  version: 93622da34e54fb6529bfb7c57e710f37a8d9cbd8
- name: github.com/sergi/go-diff
  version: 97b2266dfe4bd4ea1b81a463322f04f8b724801e
  subpackages:
  - diffmatchpatch
- name: github.com/shurcooL/sanitized_anchor_name
  version: 10ef21a441db47d8b13ebcc5fd2310f636973c77
- name: github.com/stretchr/testify
  version: d77da356e56a7428ad25149ca77381849a6a5232
  subpackages:
  - assert
  - require
- name: github.com/valyala/bytebufferpool
  version: e746df99fe4a3986f4d4f79e13c1e0117ce9c2f7
- name: github.com/valyala/fasthttp
  version: 834fb48f10402a9c58ed0637ec47ba0d91f201c8
  subpackages:
  - fasthttpadaptor
  - fasthttputil
- name: github.com/xeipuuv/gojsonpointer
  version: e0fe6f68307607d540ed8eac07a342c33fa1b54a
- name: github.com/xeipuuv/gojsonreference
  version: e02fc20de94c78484cd5ffb007f8af96be030a45
- name: github.com/xeipuuv/gojsonschema
  version: 4f624f6197547606054e042e7903db103585e151
- name: github.com/yalp/jsonpath
  version: 31a79c7593bb93eb10b163650d4a3e6ca190e4dc
- name: github.com/yudai/golcs
  version: d1c525dea8ce39ea9a783d33cf08932305373f2c
- name: golang.org/x/crypto
  version: 351dc6a5bf92a5f2ae22fadeee08eb6a45aa2d93
  subpackages:
  - bcrypt
  - blowfish
- name: golang.org/x/net
  version: 6250b412798208e6c90b03b7c4f226de5aa299e2
  subpackages:
  - html
  - html/atom
  - publicsuffix
- name: golang.org/x/sys
  version: a646d33e2ee3172a661fc09bca23bb4889a41bc8
  subpackages:
  - unix
testImports: []
