hash: 37aa553f28d299e7190e10d72003ea6b02b2f13006402c5a22fb5308e5066317
updated: 2017-02-25T20:54:55.401844397-05:00
imports:
- name: cloud.google.com/go
  version: 61a09b43cee7329f083691f0b048d7707f538191
  subpackages:
  - compute/metadata
  - internal
- name: github.com/albrow/forms
  version: 3bcdc95a03346a911abe2b540418696adb1451e3
- name: github.com/aws/aws-sdk-go
  version: 1a651d9028d1203f4a0ba9fee91b207536cd4ca2
  subpackages:
  - aws
  - aws/awserr
  - aws/awsutil
  - aws/client
  - aws/client/metadata
  - aws/corehandlers
  - aws/credentials
  - aws/credentials/ec2rolecreds
  - aws/credentials/endpointcreds
  - aws/credentials/stscreds
  - aws/defaults
  - aws/ec2metadata
  - aws/request
  - aws/session
  - aws/signer/v4
  - private/endpoints
  - private/protocol
  - private/protocol/query
  - private/protocol/query/queryutil
  - private/protocol/rest
  - private/protocol/restxml
  - private/protocol/xml/xmlutil
  - private/waiter
  - service/s3
  - service/sts
- name: github.com/gedex/inflector
  version: 046f2c31204676e3623730ee70fd0964e05822e7
- name: github.com/go-ini/ini
  version: 6e4869b434bd001f6983749881c7ead3545887d8
- name: github.com/go-sql-driver/mysql
  version: 0b58b37b664c21f3010e836f1b931e1d0b0b0685
- name: github.com/golang/protobuf
  version: 98fa357170587e470c5f27d3c3ea0947b71eb455
  subpackages:
  - proto
- name: github.com/gorilla/websocket
  version: 3f3e394da2b801fbe732a935ef40724762a67a07
- name: github.com/jinzhu/gorm
  version: 5174cc5c242a728b435ea2be8a2f7f998e15429b
  subpackages:
  - dialects/mysql
- name: github.com/jinzhu/inflection
  version: 74387dc39a75e970e7a3ae6a3386b5bd2e5c5cff
- name: github.com/jmespath/go-jmespath
  version: bd40a432e4c76585ef6b72d3fd96fb9b6dc7b68d
- name: github.com/joho/godotenv
  version: a01a834e1654b4c9ca5b3ad05159445cc9c7ad08
- name: github.com/labstack/gommon
  version: f3b1a1b3bd4726161e1200863d278df7da5e66ff
  subpackages:
  - color
  - log
- name: github.com/mattn/go-colorable
  version: 9056b7a9f2d1f2d96498d6d146acd1f9d5ed3d59
- name: github.com/mattn/go-isatty
  version: 56b76bdf51f7708750eac80fa38b952bb9f32639
- name: github.com/pborman/uuid
  version: 3d4f2ba23642d3cfd06bd4b54cf03d99d95c0f1b
- name: github.com/satori/go.uuid
  version: 879c5887cd475cd7864858769793b2ceb0d44feb
- name: github.com/SermoDigital/jose
  version: b10f12c5188d355a3eacc61aba9abd3eb6b3b787
  subpackages:
  - crypto
  - jws
  - jwt
- name: github.com/valyala/fasttemplate
  version: 3b874956e03f1636d171bda64b130f9135f42cff
- name: golang.org/x/crypto
  version: c367d6eeb7c6158125f2f47e049f7eb7e251c09a
  subpackages:
  - bcrypt
  - blowfish
- name: golang.org/x/net
  version: 8e573f4005aa312856df2ea97c32b9beac70dd89
  subpackages:
  - context
  - context/ctxhttp
- name: golang.org/x/oauth2
  version: 1e695b1c8febf17aad3bfa7bf0a819ef94b98ad5
  subpackages:
  - google
  - internal
  - jws
  - jwt
- name: golang.org/x/sys
  version: 62bee037599929a6e9146f29d10dd5208c43507d
  subpackages:
  - unix
- name: google.golang.org/appengine
  version: 5b8c3b819891014a2d12354528f7d046dd53c89e
  subpackages:
  - internal
  - internal/app_identity
  - internal/base
  - internal/datastore
  - internal/log
  - internal/modules
  - internal/remote_api
  - internal/urlfetch
  - urlfetch
testImports: []
